# This file is automatically @generated by Cargo.
# It is not intended for manual editing.
version = 4

[[package]]
name = "prototype"
version = "0.1.0"
dependencies = [
 "prototype-formats",
]

[[package]]
name = "prototype-formats"
version = "0.1.0"

[[package]]
name = "prototype-tools"
version = "0.1.0"
dependencies = [
 "prototype-formats",
]
